
Microsoft Visual Studio Solution File, Format Version 12.00
# Visual Studio Version 16
VisualStudioVersion = 16.0.28803.352
MinimumVisualStudioVersion = 10.0.40219.1
Project("{FAE04EC0-301F-11D3-BF4B-00C04F79EFBC}") = "WebAppDI", "WebAppDI\WebAppDI.csproj", "{08B86E79-6AAA-4909-9C47-702B1EB87CB8}"
EndProject
Project("{9A19103F-16F7-4668-BE54-9A1E7A4F7556}") = "WebAppDILib", "WebAppDILib\WebAppDILib.csproj", "{FC4BDB86-D665-4D5A-8986-3B2C76F6430D}"
EndProject
Project("{FAE04EC0-301F-11D3-BF4B-00C04F79EFBC}") = "WebApp.Tests", "WebApp.Tests\WebApp.Tests.csproj", "{F8E512EA-02B2-422F-AE65-272FC75B7B8F}"
EndProject
Global
	GlobalSection(SolutionConfigurationPlatforms) = preSolution
		Debug|Any CPU = Debug|Any CPU
		Release|Any CPU = Release|Any CPU
	EndGlobalSection
	GlobalSection(ProjectConfigurationPlatforms) = postSolution
		{08B86E79-6AAA-4909-9C47-702B1EB87CB8}.Debug|Any CPU.ActiveCfg = Debug|Any CPU
		{08B86E79-6AAA-4909-9C47-702B1EB87CB8}.Debug|Any CPU.Build.0 = Debug|Any CPU
		{08B86E79-6AAA-4909-9C47-702B1EB87CB8}.Release|Any CPU.ActiveCfg = Release|Any CPU
		{08B86E79-6AAA-4909-9C47-702B1EB87CB8}.Release|Any CPU.Build.0 = Release|Any CPU
		{FC4BDB86-D665-4D5A-8986-3B2C76F6430D}.Debug|Any CPU.ActiveCfg = Debug|Any CPU
		{FC4BDB86-D665-4D5A-8986-3B2C76F6430D}.Debug|Any CPU.Build.0 = Debug|Any CPU
		{FC4BDB86-D665-4D5A-8986-3B2C76F6430D}.Release|Any CPU.ActiveCfg = Release|Any CPU
		{FC4BDB86-D665-4D5A-8986-3B2C76F6430D}.Release|Any CPU.Build.0 = Release|Any CPU
		{F8E512EA-02B2-422F-AE65-272FC75B7B8F}.Debug|Any CPU.ActiveCfg = Debug|Any CPU
		{F8E512EA-02B2-422F-AE65-272FC75B7B8F}.Debug|Any CPU.Build.0 = Debug|Any CPU
		{F8E512EA-02B2-422F-AE65-272FC75B7B8F}.Release|Any CPU.ActiveCfg = Release|Any CPU
		{F8E512EA-02B2-422F-AE65-272FC75B7B8F}.Release|Any CPU.Build.0 = Release|Any CPU
	EndGlobalSection
	GlobalSection(SolutionProperties) = preSolution
		HideSolutionNode = FALSE
	EndGlobalSection
	GlobalSection(ExtensibilityGlobals) = postSolution
		SolutionGuid = {FC831060-406B-4BEE-B405-EB01DBF8A7BE}
	EndGlobalSection
EndGlobal
